
Microsoft Visual Studio Solution File, Format Version 12.00
# Visual Studio Version 16
VisualStudioVersion = 16.0.30907.101
MinimumVisualStudioVersion = 10.0.40219.1
Project("{FAE04EC0-301F-11D3-BF4B-00C04F79EFBC}") = "Array Manipulator", "Array Manipulator\Array Manipulator.csproj", "{D4ABEBD4-D30F-45F0-977D-1CE73E652845}"
EndProject
Global
	GlobalSection(SolutionConfigurationPlatforms) = preSolution
		Debug|Any CPU = Debug|Any CPU
		Release|Any CPU = Release|Any CPU
	EndGlobalSection
	GlobalSection(ProjectConfigurationPlatforms) = postSolution
		{D4ABEBD4-D30F-45F0-977D-1CE73E652845}.Debug|Any CPU.ActiveCfg = Debug|Any CPU
		{D4ABEBD4-D30F-45F0-977D-1CE73E652845}.Debug|Any CPU.Build.0 = Debug|Any CPU
		{D4ABEBD4-D30F-45F0-977D-1CE73E652845}.Release|Any CPU.ActiveCfg = Release|Any CPU
		{D4ABEBD4-D30F-45F0-977D-1CE73E652845}.Release|Any CPU.Build.0 = Release|Any CPU
	EndGlobalSection
	GlobalSection(SolutionProperties) = preSolution
		HideSolutionNode = FALSE
	EndGlobalSection
	GlobalSection(ExtensibilityGlobals) = postSolution
		SolutionGuid = {9541FD86-0F51-440A-AEEC-C574CDC9B697}
	EndGlobalSection
EndGlobal
